// !$*UTF8*$!
{
	archiveVersion = 1;
	classes = {
	};
	objectVersion = 46;
	objects = {

/* Begin PBXBuildFile section */
		1F0611A21989DAE000AEE5C5 /* SATimeLineViewController.m in Sources */ = {isa = PBXBuildFile; fileRef = 1F0611A11989DAE000AEE5C5 /* SATimeLineViewController.m */; };
		1F0F5F6219BD845C00B52D01 /* SAMessageManager.m in Sources */ = {isa = PBXBuildFile; fileRef = 1F0F5F6119BD845C00B52D01 /* SAMessageManager.m */; };
		1F31CD05199DD01E0036389D /* bigLogo@2x.png in Resources */ = {isa = PBXBuildFile; fileRef = 1F31CD04199DD01E0036389D /* bigLogo@2x.png */; };
		1F31CD0A199DD08B0036389D /* title_gift.png in Resources */ = {isa = PBXBuildFile; fileRef = 1F31CD06199DD08B0036389D /* title_gift.png */; };
		1F31CD0B199DD08B0036389D /* title_map.png in Resources */ = {isa = PBXBuildFile; fileRef = 1F31CD07199DD08B0036389D /* title_map.png */; };
		1F31CD0C199DD08B0036389D /* title_shopping.png in Resources */ = {isa = PBXBuildFile; fileRef = 1F31CD08199DD08B0036389D /* title_shopping.png */; };
		1F31CD0D199DD08B0036389D /* title_timeline.png in Resources */ = {isa = PBXBuildFile; fileRef = 1F31CD09199DD08B0036389D /* title_timeline.png */; };
		1F31CD10199DD4280036389D /* tab_timeline_w.png in Resources */ = {isa = PBXBuildFile; fileRef = 1F31CD0E199DD4280036389D /* tab_timeline_w.png */; };
		1F31CD11199DD4280036389D /* tab_timeline.png in Resources */ = {isa = PBXBuildFile; fileRef = 1F31CD0F199DD4280036389D /* tab_timeline.png */; };
		1F31CD14199DD45D0036389D /* tab_map_w.png in Resources */ = {isa = PBXBuildFile; fileRef = 1F31CD12199DD45D0036389D /* tab_map_w.png */; };
		1F31CD15199DD45D0036389D /* tab_map.png in Resources */ = {isa = PBXBuildFile; fileRef = 1F31CD13199DD45D0036389D /* tab_map.png */; };
		1F31CD1C199E07CB0036389D /* PulseView.m in Sources */ = {isa = PBXBuildFile; fileRef = 1F31CD1B199E07CB0036389D /* PulseView.m */; };
		1F31CD21199E09AC0036389D /* PulsingHaloLayer.m in Sources */ = {isa = PBXBuildFile; fileRef = 1F31CD20199E09AC0036389D /* PulsingHaloLayer.m */; };
		1F331D6A19886A8E009386B8 /* Foundation.framework in Frameworks */ = {isa = PBXBuildFile; fileRef = 1F331D6919886A8E009386B8 /* Foundation.framework */; };
		1F331D6C19886A8E009386B8 /* CoreGraphics.framework in Frameworks */ = {isa = PBXBuildFile; fileRef = 1F331D6B19886A8E009386B8 /* CoreGraphics.framework */; };
		1F331D6E19886A8E009386B8 /* UIKit.framework in Frameworks */ = {isa = PBXBuildFile; fileRef = 1F331D6D19886A8E009386B8 /* UIKit.framework */; };
		1F331D7419886A8E009386B8 /* InfoPlist.strings in Resources */ = {isa = PBXBuildFile; fileRef = 1F331D7219886A8E009386B8 /* InfoPlist.strings */; };
		1F331D7619886A8E009386B8 /* main.m in Sources */ = {isa = PBXBuildFile; fileRef = 1F331D7519886A8E009386B8 /* main.m */; };
		1F331D7A19886A8E009386B8 /* SAAppDelegate.m in Sources */ = {isa = PBXBuildFile; fileRef = 1F331D7919886A8E009386B8 /* SAAppDelegate.m */; };
		1F331D7D19886A8E009386B8 /* Main.storyboard in Resources */ = {isa = PBXBuildFile; fileRef = 1F331D7B19886A8E009386B8 /* Main.storyboard */; };
		1F331D8319886A8E009386B8 /* SADetailViewController.m in Sources */ = {isa = PBXBuildFile; fileRef = 1F331D8219886A8E009386B8 /* SADetailViewController.m */; };
		1F331D8519886A8E009386B8 /* Images.xcassets in Resources */ = {isa = PBXBuildFile; fileRef = 1F331D8419886A8E009386B8 /* Images.xcassets */; };
		1F331D8C19886A8E009386B8 /* XCTest.framework in Frameworks */ = {isa = PBXBuildFile; fileRef = 1F331D8B19886A8E009386B8 /* XCTest.framework */; };
		1F331D8D19886A8E009386B8 /* Foundation.framework in Frameworks */ = {isa = PBXBuildFile; fileRef = 1F331D6919886A8E009386B8 /* Foundation.framework */; };
		1F331D8E19886A8E009386B8 /* UIKit.framework in Frameworks */ = {isa = PBXBuildFile; fileRef = 1F331D6D19886A8E009386B8 /* UIKit.framework */; };
		1F331D9619886A8E009386B8 /* InfoPlist.strings in Resources */ = {isa = PBXBuildFile; fileRef = 1F331D9419886A8E009386B8 /* InfoPlist.strings */; };
		1F331D9819886A8E009386B8 /* SmartAttendTests.m in Sources */ = {isa = PBXBuildFile; fileRef = 1F331D9719886A8E009386B8 /* SmartAttendTests.m */; };
		1F331DA319886BA2009386B8 /* SAConstants.m in Sources */ = {isa = PBXBuildFile; fileRef = 1F331DA219886BA2009386B8 /* SAConstants.m */; };
		1F331DA719886C27009386B8 /* SABeaconManager.m in Sources */ = {isa = PBXBuildFile; fileRef = 1F331DA619886C27009386B8 /* SABeaconManager.m */; };
		1F331DAA19886D05009386B8 /* SAMapViewController.m in Sources */ = {isa = PBXBuildFile; fileRef = 1F331DA919886D05009386B8 /* SAMapViewController.m */; };
		1F50A4F7198B2BA3009C2C18 /* icon-60@2x.png in Resources */ = {isa = PBXBuildFile; fileRef = 1F50A4F5198B2BA3009C2C18 /* icon-60@2x.png */; };
		1F50A4F8198B2BA3009C2C18 /* icon-60.png in Resources */ = {isa = PBXBuildFile; fileRef = 1F50A4F6198B2BA3009C2C18 /* icon-60.png */; };
		1F589CCC199C93DC006F7531 /* EAIntroPage.m in Sources */ = {isa = PBXBuildFile; fileRef = 1F589CC9199C93DC006F7531 /* EAIntroPage.m */; };
		1F589CCD199C93DC006F7531 /* EAIntroView.m in Sources */ = {isa = PBXBuildFile; fileRef = 1F589CCB199C93DC006F7531 /* EAIntroView.m */; };
		1F589CD0199C9685006F7531 /* bg1@2x.png in Resources */ = {isa = PBXBuildFile; fileRef = 1F589CCE199C9685006F7531 /* bg1@2x.png */; };
		1F589CD1199C9685006F7531 /* bg2@2x.png in Resources */ = {isa = PBXBuildFile; fileRef = 1F589CCF199C9685006F7531 /* bg2@2x.png */; };
		1F5CAC6219946032007ABAE4 /* shopIcon103.png in Resources */ = {isa = PBXBuildFile; fileRef = 1F5CAC5E19946032007ABAE4 /* shopIcon103.png */; };
		1F5CAC6319946032007ABAE4 /* shopIcon104.png in Resources */ = {isa = PBXBuildFile; fileRef = 1F5CAC5F19946032007ABAE4 /* shopIcon104.png */; };
		1F5CAC6419946032007ABAE4 /* shopIcon101.png in Resources */ = {isa = PBXBuildFile; fileRef = 1F5CAC6019946032007ABAE4 /* shopIcon101.png */; };
		1F5CAC6519946032007ABAE4 /* shopIcon102.png in Resources */ = {isa = PBXBuildFile; fileRef = 1F5CAC6119946032007ABAE4 /* shopIcon102.png */; };
		1F5CAC691994792A007ABAE4 /* SALocalNotificationManager.m in Sources */ = {isa = PBXBuildFile; fileRef = 1F5CAC681994792A007ABAE4 /* SALocalNotificationManager.m */; };
		1F693DE919A1F17F007EE6B0 /* SATabBarDataManager.m in Sources */ = {isa = PBXBuildFile; fileRef = 1F693DE819A1F17F007EE6B0 /* SATabBarDataManager.m */; };
		1F81C4D21988D72C000BA6F7 /* Wallpaper.png in Resources */ = {isa = PBXBuildFile; fileRef = 1F81C4D11988D72C000BA6F7 /* Wallpaper.png */; };
		1F96D1E5198B6040004DE613 /* SAViewController.m in Sources */ = {isa = PBXBuildFile; fileRef = 1F96D1E4198B6040004DE613 /* SAViewController.m */; };
		1F96D1EA198B6C20004DE613 /* SATransparentToolbar.m in Sources */ = {isa = PBXBuildFile; fileRef = 1F96D1E9198B6C20004DE613 /* SATransparentToolbar.m */; };
		1F96D1EC198B7D69004DE613 /* couponImage.jpg in Resources */ = {isa = PBXBuildFile; fileRef = 1F96D1EB198B7D69004DE613 /* couponImage.jpg */; };
		1F96D1F0198B830A004DE613 /* SATimerManager.m in Sources */ = {isa = PBXBuildFile; fileRef = 1F96D1EF198B830A004DE613 /* SATimerManager.m */; };
		1F9FAFDC19BE9F80002B566B /* SABackgroundNotificationManager.m in Sources */ = {isa = PBXBuildFile; fileRef = 1F9FAFDB19BE9F80002B566B /* SABackgroundNotificationManager.m */; };
		1FB4074819EF8AC40091AD92 /* floormap1.png in Resources */ = {isa = PBXBuildFile; fileRef = 1FB4074719EF8AC40091AD92 /* floormap1.png */; };
		1FD3E423198885DC009F051B /* CoreText.framework in Frameworks */ = {isa = PBXBuildFile; fileRef = 1FD3E422198885DC009F051B /* CoreText.framework */; };
		1FD3E4271988902D009F051B /* SAMessageCollectionViewCell.m in Sources */ = {isa = PBXBuildFile; fileRef = 1FD3E4261988902D009F051B /* SAMessageCollectionViewCell.m */; };
		1FEB8D9C19A2D3320064D9A4 /* floormap.png in Resources */ = {isa = PBXBuildFile; fileRef = 1FEB8D9B19A2D3320064D9A4 /* floormap.png */; };
		1FF4838019936F4A0061ED5A /* AudioToolbox.framework in Frameworks */ = {isa = PBXBuildFile; fileRef = 1FF4837F19936F4A0061ED5A /* AudioToolbox.framework */; };
		CA3518A83E694604A542B842 /* libPods.a in Frameworks */ = {isa = PBXBuildFile; fileRef = 3DE113296D77494EA79DD4D8 /* libPods.a */; };
/* End PBXBuildFile section */

/* Begin PBXContainerItemProxy section */
		1F331D8F19886A8E009386B8 /* PBXContainerItemProxy */ = {
			isa = PBXContainerItemProxy;
			containerPortal = 1F331D5E19886A8E009386B8 /* Project object */;
			proxyType = 1;
			remoteGlobalIDString = 1F331D6519886A8E009386B8;
			remoteInfo = SmartAttend;
		};
/* End PBXContainerItemProxy section */

/* Begin PBXFileReference section */
		1F0611A01989DAE000AEE5C5 /* SATimeLineViewController.h */ = {isa = PBXFileReference; fileEncoding = 4; lastKnownFileType = sourcecode.c.h; path = SATimeLineViewController.h; sourceTree = "<group>"; };
		1F0611A11989DAE000AEE5C5 /* SATimeLineViewController.m */ = {isa = PBXFileReference; fileEncoding = 4; lastKnownFileType = sourcecode.c.objc; path = SATimeLineViewController.m; sourceTree = "<group>"; };
		1F0F5F6019BD845C00B52D01 /* SAMessageManager.h */ = {isa = PBXFileReference; fileEncoding = 4; lastKnownFileType = sourcecode.c.h; path = SAMessageManager.h; sourceTree = "<group>"; };
		1F0F5F6119BD845C00B52D01 /* SAMessageManager.m */ = {isa = PBXFileReference; fileEncoding = 4; lastKnownFileType = sourcecode.c.objc; path = SAMessageManager.m; sourceTree = "<group>"; };
		1F31CD04199DD01E0036389D /* bigLogo@2x.png */ = {isa = PBXFileReference; lastKnownFileType = image.png; path = "bigLogo@2x.png"; sourceTree = "<group>"; };
		1F31CD06199DD08B0036389D /* title_gift.png */ = {isa = PBXFileReference; lastKnownFileType = image.png; path = title_gift.png; sourceTree = "<group>"; };
		1F31CD07199DD08B0036389D /* title_map.png */ = {isa = PBXFileReference; lastKnownFileType = image.png; path = title_map.png; sourceTree = "<group>"; };
		1F31CD08199DD08B0036389D /* title_shopping.png */ = {isa = PBXFileReference; lastKnownFileType = image.png; path = title_shopping.png; sourceTree = "<group>"; };
		1F31CD09199DD08B0036389D /* title_timeline.png */ = {isa = PBXFileReference; lastKnownFileType = image.png; path = title_timeline.png; sourceTree = "<group>"; };
		1F31CD0E199DD4280036389D /* tab_timeline_w.png */ = {isa = PBXFileReference; lastKnownFileType = image.png; path = tab_timeline_w.png; sourceTree = "<group>"; };
		1F31CD0F199DD4280036389D /* tab_timeline.png */ = {isa = PBXFileReference; lastKnownFileType = image.png; path = tab_timeline.png; sourceTree = "<group>"; };
		1F31CD12199DD45D0036389D /* tab_map_w.png */ = {isa = PBXFileReference; lastKnownFileType = image.png; path = tab_map_w.png; sourceTree = "<group>"; };
		1F31CD13199DD45D0036389D /* tab_map.png */ = {isa = PBXFileReference; lastKnownFileType = image.png; path = tab_map.png; sourceTree = "<group>"; };
		1F31CD1A199E07CB0036389D /* PulseView.h */ = {isa = PBXFileReference; fileEncoding = 4; lastKnownFileType = sourcecode.c.h; path = PulseView.h; sourceTree = "<group>"; };
		1F31CD1B199E07CB0036389D /* PulseView.m */ = {isa = PBXFileReference; fileEncoding = 4; lastKnownFileType = sourcecode.c.objc; path = PulseView.m; sourceTree = "<group>"; };
		1F31CD1F199E09AC0036389D /* PulsingHaloLayer.h */ = {isa = PBXFileReference; fileEncoding = 4; lastKnownFileType = sourcecode.c.h; path = PulsingHaloLayer.h; sourceTree = "<group>"; };
		1F31CD20199E09AC0036389D /* PulsingHaloLayer.m */ = {isa = PBXFileReference; fileEncoding = 4; lastKnownFileType = sourcecode.c.objc; path = PulsingHaloLayer.m; sourceTree = "<group>"; };
		1F331D6619886A8E009386B8 /* SmartAttend.app */ = {isa = PBXFileReference; explicitFileType = wrapper.application; includeInIndex = 0; path = SmartAttend.app; sourceTree = BUILT_PRODUCTS_DIR; };
		1F331D6919886A8E009386B8 /* Foundation.framework */ = {isa = PBXFileReference; lastKnownFileType = wrapper.framework; name = Foundation.framework; path = System/Library/Frameworks/Foundation.framework; sourceTree = SDKROOT; };
		1F331D6B19886A8E009386B8 /* CoreGraphics.framework */ = {isa = PBXFileReference; lastKnownFileType = wrapper.framework; name = CoreGraphics.framework; path = System/Library/Frameworks/CoreGraphics.framework; sourceTree = SDKROOT; };
		1F331D6D19886A8E009386B8 /* UIKit.framework */ = {isa = PBXFileReference; lastKnownFileType = wrapper.framework; name = UIKit.framework; path = System/Library/Frameworks/UIKit.framework; sourceTree = SDKROOT; };
		1F331D7119886A8E009386B8 /* SmartAttend-Info.plist */ = {isa = PBXFileReference; lastKnownFileType = text.plist.xml; path = "SmartAttend-Info.plist"; sourceTree = "<group>"; };
		1F331D7319886A8E009386B8 /* en */ = {isa = PBXFileReference; lastKnownFileType = text.plist.strings; name = en; path = en.lproj/InfoPlist.strings; sourceTree = "<group>"; };
		1F331D7519886A8E009386B8 /* main.m */ = {isa = PBXFileReference; lastKnownFileType = sourcecode.c.objc; path = main.m; sourceTree = "<group>"; };
		1F331D7719886A8E009386B8 /* SmartAttend-Prefix.pch */ = {isa = PBXFileReference; lastKnownFileType = sourcecode.c.h; path = "SmartAttend-Prefix.pch"; sourceTree = "<group>"; };
		1F331D7819886A8E009386B8 /* SAAppDelegate.h */ = {isa = PBXFileReference; lastKnownFileType = sourcecode.c.h; path = SAAppDelegate.h; sourceTree = "<group>"; };
		1F331D7919886A8E009386B8 /* SAAppDelegate.m */ = {isa = PBXFileReference; lastKnownFileType = sourcecode.c.objc; path = SAAppDelegate.m; sourceTree = "<group>"; };
		1F331D7C19886A8E009386B8 /* Base */ = {isa = PBXFileReference; lastKnownFileType = file.storyboard; name = Base; path = Base.lproj/Main.storyboard; sourceTree = "<group>"; };
		1F331D8119886A8E009386B8 /* SADetailViewController.h */ = {isa = PBXFileReference; lastKnownFileType = sourcecode.c.h; path = SADetailViewController.h; sourceTree = "<group>"; };
		1F331D8219886A8E009386B8 /* SADetailViewController.m */ = {isa = PBXFileReference; lastKnownFileType = sourcecode.c.objc; path = SADetailViewController.m; sourceTree = "<group>"; };
		1F331D8419886A8E009386B8 /* Images.xcassets */ = {isa = PBXFileReference; lastKnownFileType = folder.assetcatalog; path = Images.xcassets; sourceTree = "<group>"; };
		1F331D8A19886A8E009386B8 /* SmartAttendTests.xctest */ = {isa = PBXFileReference; explicitFileType = wrapper.cfbundle; includeInIndex = 0; path = SmartAttendTests.xctest; sourceTree = BUILT_PRODUCTS_DIR; };
		1F331D8B19886A8E009386B8 /* XCTest.framework */ = {isa = PBXFileReference; lastKnownFileType = wrapper.framework; name = XCTest.framework; path = Library/Frameworks/XCTest.framework; sourceTree = DEVELOPER_DIR; };
		1F331D9319886A8E009386B8 /* SmartAttendTests-Info.plist */ = {isa = PBXFileReference; lastKnownFileType = text.plist.xml; path = "SmartAttendTests-Info.plist"; sourceTree = "<group>"; };
		1F331D9519886A8E009386B8 /* en */ = {isa = PBXFileReference; lastKnownFileType = text.plist.strings; name = en; path = en.lproj/InfoPlist.strings; sourceTree = "<group>"; };
		1F331D9719886A8E009386B8 /* SmartAttendTests.m */ = {isa = PBXFileReference; lastKnownFileType = sourcecode.c.objc; path = SmartAttendTests.m; sourceTree = "<group>"; };
		1F331DA119886BA2009386B8 /* SAConstants.h */ = {isa = PBXFileReference; fileEncoding = 4; lastKnownFileType = sourcecode.c.h; path = SAConstants.h; sourceTree = "<group>"; };
		1F331DA219886BA2009386B8 /* SAConstants.m */ = {isa = PBXFileReference; fileEncoding = 4; lastKnownFileType = sourcecode.c.objc; path = SAConstants.m; sourceTree = "<group>"; };
		1F331DA519886C27009386B8 /* SABeaconManager.h */ = {isa = PBXFileReference; fileEncoding = 4; lastKnownFileType = sourcecode.c.h; path = SABeaconManager.h; sourceTree = "<group>"; };
		1F331DA619886C27009386B8 /* SABeaconManager.m */ = {isa = PBXFileReference; fileEncoding = 4; lastKnownFileType = sourcecode.c.objc; path = SABeaconManager.m; sourceTree = "<group>"; };
		1F331DA819886D05009386B8 /* SAMapViewController.h */ = {isa = PBXFileReference; fileEncoding = 4; lastKnownFileType = sourcecode.c.h; path = SAMapViewController.h; sourceTree = "<group>"; };
		1F331DA919886D05009386B8 /* SAMapViewController.m */ = {isa = PBXFileReference; fileEncoding = 4; lastKnownFileType = sourcecode.c.objc; path = SAMapViewController.m; sourceTree = "<group>"; };
		1F50A4F5198B2BA3009C2C18 /* icon-60@2x.png */ = {isa = PBXFileReference; lastKnownFileType = image.png; path = "icon-60@2x.png"; sourceTree = "<group>"; };
		1F50A4F6198B2BA3009C2C18 /* icon-60.png */ = {isa = PBXFileReference; lastKnownFileType = image.png; path = "icon-60.png"; sourceTree = "<group>"; };
		1F589CC8199C93DC006F7531 /* EAIntroPage.h */ = {isa = PBXFileReference; fileEncoding = 4; lastKnownFileType = sourcecode.c.h; path = EAIntroPage.h; sourceTree = "<group>"; };
		1F589CC9199C93DC006F7531 /* EAIntroPage.m */ = {isa = PBXFileReference; fileEncoding = 4; lastKnownFileType = sourcecode.c.objc; path = EAIntroPage.m; sourceTree = "<group>"; };
		1F589CCA199C93DC006F7531 /* EAIntroView.h */ = {isa = PBXFileReference; fileEncoding = 4; lastKnownFileType = sourcecode.c.h; path = EAIntroView.h; sourceTree = "<group>"; };
		1F589CCB199C93DC006F7531 /* EAIntroView.m */ = {isa = PBXFileReference; fileEncoding = 4; lastKnownFileType = sourcecode.c.objc; path = EAIntroView.m; sourceTree = "<group>"; };
		1F589CCE199C9685006F7531 /* bg1@2x.png */ = {isa = PBXFileReference; lastKnownFileType = image.png; path = "bg1@2x.png"; sourceTree = "<group>"; };
		1F589CCF199C9685006F7531 /* bg2@2x.png */ = {isa = PBXFileReference; lastKnownFileType = image.png; path = "bg2@2x.png"; sourceTree = "<group>"; };
		1F5CAC5E19946032007ABAE4 /* shopIcon103.png */ = {isa = PBXFileReference; lastKnownFileType = image.png; path = shopIcon103.png; sourceTree = "<group>"; };
		1F5CAC5F19946032007ABAE4 /* shopIcon104.png */ = {isa = PBXFileReference; lastKnownFileType = image.png; path = shopIcon104.png; sourceTree = "<group>"; };
		1F5CAC6019946032007ABAE4 /* shopIcon101.png */ = {isa = PBXFileReference; lastKnownFileType = image.png; path = shopIcon101.png; sourceTree = "<group>"; };
		1F5CAC6119946032007ABAE4 /* shopIcon102.png */ = {isa = PBXFileReference; lastKnownFileType = image.png; path = shopIcon102.png; sourceTree = "<group>"; };
		1F5CAC671994792A007ABAE4 /* SALocalNotificationManager.h */ = {isa = PBXFileReference; fileEncoding = 4; lastKnownFileType = sourcecode.c.h; path = SALocalNotificationManager.h; sourceTree = "<group>"; };
		1F5CAC681994792A007ABAE4 /* SALocalNotificationManager.m */ = {isa = PBXFileReference; fileEncoding = 4; lastKnownFileType = sourcecode.c.objc; path = SALocalNotificationManager.m; sourceTree = "<group>"; };
		1F693DE719A1F17F007EE6B0 /* SATabBarDataManager.h */ = {isa = PBXFileReference; fileEncoding = 4; lastKnownFileType = sourcecode.c.h; path = SATabBarDataManager.h; sourceTree = "<group>"; };
		1F693DE819A1F17F007EE6B0 /* SATabBarDataManager.m */ = {isa = PBXFileReference; fileEncoding = 4; lastKnownFileType = sourcecode.c.objc; path = SATabBarDataManager.m; sourceTree = "<group>"; };
		1F81C4D11988D72C000BA6F7 /* Wallpaper.png */ = {isa = PBXFileReference; lastKnownFileType = image.png; path = Wallpaper.png; sourceTree = "<group>"; };
		1F96D1E3198B6040004DE613 /* SAViewController.h */ = {isa = PBXFileReference; fileEncoding = 4; lastKnownFileType = sourcecode.c.h; path = SAViewController.h; sourceTree = "<group>"; };
		1F96D1E4198B6040004DE613 /* SAViewController.m */ = {isa = PBXFileReference; fileEncoding = 4; lastKnownFileType = sourcecode.c.objc; path = SAViewController.m; sourceTree = "<group>"; };
		1F96D1E8198B6C20004DE613 /* SATransparentToolbar.h */ = {isa = PBXFileReference; fileEncoding = 4; lastKnownFileType = sourcecode.c.h; path = SATransparentToolbar.h; sourceTree = "<group>"; };
		1F96D1E9198B6C20004DE613 /* SATransparentToolbar.m */ = {isa = PBXFileReference; fileEncoding = 4; lastKnownFileType = sourcecode.c.objc; path = SATransparentToolbar.m; sourceTree = "<group>"; };
		1F96D1EB198B7D69004DE613 /* couponImage.jpg */ = {isa = PBXFileReference; lastKnownFileType = image.jpeg; path = couponImage.jpg; sourceTree = "<group>"; };
		1F96D1EE198B830A004DE613 /* SATimerManager.h */ = {isa = PBXFileReference; fileEncoding = 4; lastKnownFileType = sourcecode.c.h; path = SATimerManager.h; sourceTree = "<group>"; };
		1F96D1EF198B830A004DE613 /* SATimerManager.m */ = {isa = PBXFileReference; fileEncoding = 4; lastKnownFileType = sourcecode.c.objc; path = SATimerManager.m; sourceTree = "<group>"; };
		1F9FAFDA19BE9F80002B566B /* SABackgroundNotificationManager.h */ = {isa = PBXFileReference; fileEncoding = 4; lastKnownFileType = sourcecode.c.h; path = SABackgroundNotificationManager.h; sourceTree = "<group>"; };
		1F9FAFDB19BE9F80002B566B /* SABackgroundNotificationManager.m */ = {isa = PBXFileReference; fileEncoding = 4; lastKnownFileType = sourcecode.c.objc; path = SABackgroundNotificationManager.m; sourceTree = "<group>"; };
		1FB4074719EF8AC40091AD92 /* floormap1.png */ = {isa = PBXFileReference; lastKnownFileType = image.png; path = floormap1.png; sourceTree = "<group>"; };
		1FD3E422198885DC009F051B /* CoreText.framework */ = {isa = PBXFileReference; lastKnownFileType = wrapper.framework; name = CoreText.framework; path = System/Library/Frameworks/CoreText.framework; sourceTree = SDKROOT; };
		1FD3E4251988902D009F051B /* SAMessageCollectionViewCell.h */ = {isa = PBXFileReference; fileEncoding = 4; lastKnownFileType = sourcecode.c.h; path = SAMessageCollectionViewCell.h; sourceTree = "<group>"; };
		1FD3E4261988902D009F051B /* SAMessageCollectionViewCell.m */ = {isa = PBXFileReference; fileEncoding = 4; lastKnownFileType = sourcecode.c.objc; path = SAMessageCollectionViewCell.m; sourceTree = "<group>"; };
		1FEB8D9B19A2D3320064D9A4 /* floormap.png */ = {isa = PBXFileReference; lastKnownFileType = image.png; path = floormap.png; sourceTree = "<group>"; };
		1FF4837F19936F4A0061ED5A /* AudioToolbox.framework */ = {isa = PBXFileReference; lastKnownFileType = wrapper.framework; name = AudioToolbox.framework; path = System/Library/Frameworks/AudioToolbox.framework; sourceTree = SDKROOT; };
		3DE113296D77494EA79DD4D8 /* libPods.a */ = {isa = PBXFileReference; explicitFileType = archive.ar; includeInIndex = 0; path = libPods.a; sourceTree = BUILT_PRODUCTS_DIR; };
		87B8F34FF94046B798C517D3 /* Pods.xcconfig */ = {isa = PBXFileReference; includeInIndex = 1; lastKnownFileType = text.xcconfig; name = Pods.xcconfig; path = Pods/Pods.xcconfig; sourceTree = "<group>"; };
/* End PBXFileReference section */

/* Begin PBXFrameworksBuildPhase section */
		1F331D6319886A8E009386B8 /* Frameworks */ = {
			isa = PBXFrameworksBuildPhase;
			buildActionMask = 2147483647;
			files = (
				1FF4838019936F4A0061ED5A /* AudioToolbox.framework in Frameworks */,
				1FD3E423198885DC009F051B /* CoreText.framework in Frameworks */,
				1F331D6C19886A8E009386B8 /* CoreGraphics.framework in Frameworks */,
				1F331D6E19886A8E009386B8 /* UIKit.framework in Frameworks */,
				1F331D6A19886A8E009386B8 /* Foundation.framework in Frameworks */,
				CA3518A83E694604A542B842 /* libPods.a in Frameworks */,
			);
			runOnlyForDeploymentPostprocessing = 0;
		};
		1F331D8719886A8E009386B8 /* Frameworks */ = {
			isa = PBXFrameworksBuildPhase;
			buildActionMask = 2147483647;
			files = (
				1F331D8C19886A8E009386B8 /* XCTest.framework in Frameworks */,
				1F331D8E19886A8E009386B8 /* UIKit.framework in Frameworks */,
				1F331D8D19886A8E009386B8 /* Foundation.framework in Frameworks */,
			);
			runOnlyForDeploymentPostprocessing = 0;
		};
/* End PBXFrameworksBuildPhase section */

/* Begin PBXGroup section */
		1F0F5F5F19BD840B00B52D01 /* Messages */ = {
			isa = PBXGroup;
			children = (
				1F0F5F6019BD845C00B52D01 /* SAMessageManager.h */,
				1F0F5F6119BD845C00B52D01 /* SAMessageManager.m */,
			);
			name = Messages;
			path = ..;
			sourceTree = "<group>";
		};
		1F31CD1D199E09290036389D /* library */ = {
			isa = PBXGroup;
			children = (
				1F31CD1E199E09AC0036389D /* PulsingHalo */,
				1F589CC7199C93C2006F7531 /* Introduction */,
			);
			name = library;
			sourceTree = "<group>";
		};
		1F31CD1E199E09AC0036389D /* PulsingHalo */ = {
			isa = PBXGroup;
			children = (
				1F31CD1F199E09AC0036389D /* PulsingHaloLayer.h */,
				1F31CD20199E09AC0036389D /* PulsingHaloLayer.m */,
			);
			path = PulsingHalo;
			sourceTree = "<group>";
		};
		1F331D5D19886A8E009386B8 = {
			isa = PBXGroup;
			children = (
				1F331D6F19886A8E009386B8 /* SmartAttend */,
				1F331D9119886A8E009386B8 /* SmartAttendTests */,
				1F331D6819886A8E009386B8 /* Frameworks */,
				1F331D6719886A8E009386B8 /* Products */,
				87B8F34FF94046B798C517D3 /* Pods.xcconfig */,
			);
			sourceTree = "<group>";
		};
		1F331D6719886A8E009386B8 /* Products */ = {
			isa = PBXGroup;
			children = (
				1F331D6619886A8E009386B8 /* SmartAttend.app */,
				1F331D8A19886A8E009386B8 /* SmartAttendTests.xctest */,
			);
			name = Products;
			sourceTree = "<group>";
		};
		1F331D6819886A8E009386B8 /* Frameworks */ = {
			isa = PBXGroup;
			children = (
				1FF4837F19936F4A0061ED5A /* AudioToolbox.framework */,
				1FD3E422198885DC009F051B /* CoreText.framework */,
				1F331D6919886A8E009386B8 /* Foundation.framework */,
				1F331D6B19886A8E009386B8 /* CoreGraphics.framework */,
				1F331D6D19886A8E009386B8 /* UIKit.framework */,
				1F331D8B19886A8E009386B8 /* XCTest.framework */,
				3DE113296D77494EA79DD4D8 /* libPods.a */,
			);
			name = Frameworks;
			sourceTree = "<group>";
		};
		1F331D6F19886A8E009386B8 /* SmartAttend */ = {
			isa = PBXGroup;
			children = (
				1F31CD1D199E09290036389D /* library */,
				1FCEAA171988FC25007EBDA6 /* AppDelegate */,
				1FCEAA161988FAA9007EBDA6 /* Beacon */,
				1F9FAFD919BE9ECD002B566B /* Background */,
				1FCEAA181988FC7B007EBDA6 /* Constant */,
				1F5CAC66199478F0007ABAE4 /* LocalNotification */,
				1F0F5F5F19BD840B00B52D01 /* Messages */,
				1F693DE619A1F135007EE6B0 /* Tabbar */,
				1F96D1ED198B81AA004DE613 /* Timer */,
				1FD3E42419888FDD009F051B /* View */,
				1F331DA419886C03009386B8 /* ViewController */,
				1F331D7B19886A8E009386B8 /* Main.storyboard */,
				1F331D8419886A8E009386B8 /* Images.xcassets */,
				1F81C4D01988D700000BA6F7 /* Images */,
				1F331D7019886A8E009386B8 /* Supporting Files */,
			);
			path = SmartAttend;
			sourceTree = "<group>";
		};
		1F331D7019886A8E009386B8 /* Supporting Files */ = {
			isa = PBXGroup;
			children = (
				1F331D7119886A8E009386B8 /* SmartAttend-Info.plist */,
				1F331D7219886A8E009386B8 /* InfoPlist.strings */,
				1F331D7519886A8E009386B8 /* main.m */,
				1F331D7719886A8E009386B8 /* SmartAttend-Prefix.pch */,
			);
			name = "Supporting Files";
			sourceTree = "<group>";
		};
		1F331D9119886A8E009386B8 /* SmartAttendTests */ = {
			isa = PBXGroup;
			children = (
				1F331D9719886A8E009386B8 /* SmartAttendTests.m */,
				1F331D9219886A8E009386B8 /* Supporting Files */,
			);
			path = SmartAttendTests;
			sourceTree = "<group>";
		};
		1F331D9219886A8E009386B8 /* Supporting Files */ = {
			isa = PBXGroup;
			children = (
				1F331D9319886A8E009386B8 /* SmartAttendTests-Info.plist */,
				1F331D9419886A8E009386B8 /* InfoPlist.strings */,
			);
			name = "Supporting Files";
			sourceTree = "<group>";
		};
		1F331DA419886C03009386B8 /* ViewController */ = {
			isa = PBXGroup;
			children = (
				1F0611A01989DAE000AEE5C5 /* SATimeLineViewController.h */,
				1F0611A11989DAE000AEE5C5 /* SATimeLineViewController.m */,
				1F331DA819886D05009386B8 /* SAMapViewController.h */,
				1F331DA919886D05009386B8 /* SAMapViewController.m */,
				1F331D8119886A8E009386B8 /* SADetailViewController.h */,
				1F331D8219886A8E009386B8 /* SADetailViewController.m */,
				1F96D1E3198B6040004DE613 /* SAViewController.h */,
				1F96D1E4198B6040004DE613 /* SAViewController.m */,
			);
			name = ViewController;
			sourceTree = "<group>";
		};
		1F589CC7199C93C2006F7531 /* Introduction */ = {
			isa = PBXGroup;
			children = (
				1F589CC8199C93DC006F7531 /* EAIntroPage.h */,
				1F589CC9199C93DC006F7531 /* EAIntroPage.m */,
				1F589CCA199C93DC006F7531 /* EAIntroView.h */,
				1F589CCB199C93DC006F7531 /* EAIntroView.m */,
			);
			name = Introduction;
			sourceTree = "<group>";
		};
		1F5CAC66199478F0007ABAE4 /* LocalNotification */ = {
			isa = PBXGroup;
			children = (
				1F5CAC671994792A007ABAE4 /* SALocalNotificationManager.h */,
				1F5CAC681994792A007ABAE4 /* SALocalNotificationManager.m */,
			);
			name = LocalNotification;
			sourceTree = "<group>";
		};
		1F693DE619A1F135007EE6B0 /* Tabbar */ = {
			isa = PBXGroup;
			children = (
				1F693DE719A1F17F007EE6B0 /* SATabBarDataManager.h */,
				1F693DE819A1F17F007EE6B0 /* SATabBarDataManager.m */,
			);
			name = Tabbar;
			path = ..;
			sourceTree = "<group>";
		};
		1F81C4D01988D700000BA6F7 /* Images */ = {
			isa = PBXGroup;
			children = (
				1FB4074719EF8AC40091AD92 /* floormap1.png */,
				1FEB8D9B19A2D3320064D9A4 /* floormap.png */,
				1F31CD12199DD45D0036389D /* tab_map_w.png */,
				1F31CD13199DD45D0036389D /* tab_map.png */,
				1F31CD0E199DD4280036389D /* tab_timeline_w.png */,
				1F31CD0F199DD4280036389D /* tab_timeline.png */,
				1F31CD06199DD08B0036389D /* title_gift.png */,
				1F31CD07199DD08B0036389D /* title_map.png */,
				1F31CD08199DD08B0036389D /* title_shopping.png */,
				1F31CD09199DD08B0036389D /* title_timeline.png */,
				1F31CD04199DD01E0036389D /* bigLogo@2x.png */,
				1F589CCE199C9685006F7531 /* bg1@2x.png */,
				1F589CCF199C9685006F7531 /* bg2@2x.png */,
				1F5CAC6019946032007ABAE4 /* shopIcon101.png */,
				1F5CAC6119946032007ABAE4 /* shopIcon102.png */,
				1F5CAC5E19946032007ABAE4 /* shopIcon103.png */,
				1F5CAC5F19946032007ABAE4 /* shopIcon104.png */,
				1F96D1EB198B7D69004DE613 /* couponImage.jpg */,
				1F50A4F5198B2BA3009C2C18 /* icon-60@2x.png */,
				1F50A4F6198B2BA3009C2C18 /* icon-60.png */,
				1F81C4D11988D72C000BA6F7 /* Wallpaper.png */,
			);
			name = Images;
			sourceTree = "<group>";
		};
		1F96D1ED198B81AA004DE613 /* Timer */ = {
			isa = PBXGroup;
			children = (
				1F96D1EE198B830A004DE613 /* SATimerManager.h */,
				1F96D1EF198B830A004DE613 /* SATimerManager.m */,
			);
			name = Timer;
			sourceTree = "<group>";
		};
		1F9FAFD919BE9ECD002B566B /* Background */ = {
			isa = PBXGroup;
			children = (
				1F9FAFDA19BE9F80002B566B /* SABackgroundNotificationManager.h */,
				1F9FAFDB19BE9F80002B566B /* SABackgroundNotificationManager.m */,
			);
			name = Background;
			sourceTree = "<group>";
		};
		1FCEAA161988FAA9007EBDA6 /* Beacon */ = {
			isa = PBXGroup;
			children = (
				1F331DA519886C27009386B8 /* SABeaconManager.h */,
				1F331DA619886C27009386B8 /* SABeaconManager.m */,
			);
			name = Beacon;
			sourceTree = "<group>";
		};
		1FCEAA171988FC25007EBDA6 /* AppDelegate */ = {
			isa = PBXGroup;
			children = (
				1F331D7819886A8E009386B8 /* SAAppDelegate.h */,
				1F331D7919886A8E009386B8 /* SAAppDelegate.m */,
			);
			name = AppDelegate;
			sourceTree = "<group>";
		};
		1FCEAA181988FC7B007EBDA6 /* Constant */ = {
			isa = PBXGroup;
			children = (
				1F331DA119886BA2009386B8 /* SAConstants.h */,
				1F331DA219886BA2009386B8 /* SAConstants.m */,
			);
			name = Constant;
			sourceTree = "<group>";
		};
		1FD3E42419888FDD009F051B /* View */ = {
			isa = PBXGroup;
			children = (
				1F31CD1A199E07CB0036389D /* PulseView.h */,
				1F31CD1B199E07CB0036389D /* PulseView.m */,
				1F96D1E8198B6C20004DE613 /* SATransparentToolbar.h */,
				1F96D1E9198B6C20004DE613 /* SATransparentToolbar.m */,
				1FD3E4251988902D009F051B /* SAMessageCollectionViewCell.h */,
				1FD3E4261988902D009F051B /* SAMessageCollectionViewCell.m */,
			);
			name = View;
			sourceTree = "<group>";
		};
/* End PBXGroup section */

/* Begin PBXNativeTarget section */
		1F331D6519886A8E009386B8 /* SmartAttend */ = {
			isa = PBXNativeTarget;
			buildConfigurationList = 1F331D9B19886A8E009386B8 /* Build configuration list for PBXNativeTarget "SmartAttend" */;
			buildPhases = (
				3795C946770741659A1AA5C3 /* Check Pods Manifest.lock */,
				1F331D6219886A8E009386B8 /* Sources */,
				1F331D6319886A8E009386B8 /* Frameworks */,
				1F331D6419886A8E009386B8 /* Resources */,
				A9755112831E4B0BA9EC91CA /* Copy Pods Resources */,
			);
			buildRules = (
			);
			dependencies = (
			);
			name = SmartAttend;
			productName = SmartAttend;
			productReference = 1F331D6619886A8E009386B8 /* SmartAttend.app */;
			productType = "com.apple.product-type.application";
		};
		1F331D8919886A8E009386B8 /* SmartAttendTests */ = {
			isa = PBXNativeTarget;
			buildConfigurationList = 1F331D9E19886A8E009386B8 /* Build configuration list for PBXNativeTarget "SmartAttendTests" */;
			buildPhases = (
				1F331D8619886A8E009386B8 /* Sources */,
				1F331D8719886A8E009386B8 /* Frameworks */,
				1F331D8819886A8E009386B8 /* Resources */,
			);
			buildRules = (
			);
			dependencies = (
				1F331D9019886A8E009386B8 /* PBXTargetDependency */,
			);
			name = SmartAttendTests;
			productName = SmartAttendTests;
			productReference = 1F331D8A19886A8E009386B8 /* SmartAttendTests.xctest */;
			productType = "com.apple.product-type.bundle.unit-test";
		};
/* End PBXNativeTarget section */

/* Begin PBXProject section */
		1F331D5E19886A8E009386B8 /* Project object */ = {
			isa = PBXProject;
			attributes = {
				CLASSPREFIX = SA;
				LastUpgradeCheck = 0510;
				ORGANIZATIONNAME = "Shota Takai";
				TargetAttributes = {
					1F331D6519886A8E009386B8 = {
						DevelopmentTeam = X495U6ZTMW;
						SystemCapabilities = {
							com.apple.BackgroundModes = {
								enabled = 1;
							};
						};
					};
					1F331D8919886A8E009386B8 = {
						TestTargetID = 1F331D6519886A8E009386B8;
					};
				};
			};
			buildConfigurationList = 1F331D6119886A8E009386B8 /* Build configuration list for PBXProject "SmartAttend" */;
			compatibilityVersion = "Xcode 3.2";
			developmentRegion = English;
			hasScannedForEncodings = 0;
			knownRegions = (
				en,
				Base,
			);
			mainGroup = 1F331D5D19886A8E009386B8;
			productRefGroup = 1F331D6719886A8E009386B8 /* Products */;
			projectDirPath = "";
			projectRoot = "";
			targets = (
				1F331D6519886A8E009386B8 /* SmartAttend */,
				1F331D8919886A8E009386B8 /* SmartAttendTests */,
			);
		};
/* End PBXProject section */

/* Begin PBXResourcesBuildPhase section */
		1F331D6419886A8E009386B8 /* Resources */ = {
			isa = PBXResourcesBuildPhase;
			buildActionMask = 2147483647;
			files = (
				1F31CD15199DD45D0036389D /* tab_map.png in Resources */,
				1F31CD0A199DD08B0036389D /* title_gift.png in Resources */,
				1F5CAC6519946032007ABAE4 /* shopIcon102.png in Resources */,
				1F31CD14199DD45D0036389D /* tab_map_w.png in Resources */,
				1F5CAC6319946032007ABAE4 /* shopIcon104.png in Resources */,
				1F331D8519886A8E009386B8 /* Images.xcassets in Resources */,
				1F5CAC6219946032007ABAE4 /* shopIcon103.png in Resources */,
				1F331D7419886A8E009386B8 /* InfoPlist.strings in Resources */,
				1F50A4F8198B2BA3009C2C18 /* icon-60.png in Resources */,
				1F50A4F7198B2BA3009C2C18 /* icon-60@2x.png in Resources */,
				1F589CD0199C9685006F7531 /* bg1@2x.png in Resources */,
				1F96D1EC198B7D69004DE613 /* couponImage.jpg in Resources */,
				1F589CD1199C9685006F7531 /* bg2@2x.png in Resources */,
				1FEB8D9C19A2D3320064D9A4 /* floormap.png in Resources */,
				1F331D7D19886A8E009386B8 /* Main.storyboard in Resources */,
				1F31CD11199DD4280036389D /* tab_timeline.png in Resources */,
				1F81C4D21988D72C000BA6F7 /* Wallpaper.png in Resources */,
				1FB4074819EF8AC40091AD92 /* floormap1.png in Resources */,
				1F31CD0D199DD08B0036389D /* title_timeline.png in Resources */,
				1F5CAC6419946032007ABAE4 /* shopIcon101.png in Resources */,
				1F31CD05199DD01E0036389D /* bigLogo@2x.png in Resources */,
				1F31CD10199DD4280036389D /* tab_timeline_w.png in Resources */,
				1F31CD0B199DD08B0036389D /* title_map.png in Resources */,
				1F31CD0C199DD08B0036389D /* title_shopping.png in Resources */,
			);
			runOnlyForDeploymentPostprocessing = 0;
		};
		1F331D8819886A8E009386B8 /* Resources */ = {
			isa = PBXResourcesBuildPhase;
			buildActionMask = 2147483647;
			files = (
				1F331D9619886A8E009386B8 /* InfoPlist.strings in Resources */,
			);
			runOnlyForDeploymentPostprocessing = 0;
		};
/* End PBXResourcesBuildPhase section */

/* Begin PBXShellScriptBuildPhase section */
		3795C946770741659A1AA5C3 /* Check Pods Manifest.lock */ = {
			isa = PBXShellScriptBuildPhase;
			buildActionMask = 2147483647;
			files = (
			);
			inputPaths = (
			);
			name = "Check Pods Manifest.lock";
			outputPaths = (
			);
			runOnlyForDeploymentPostprocessing = 0;
			shellPath = /bin/sh;
			shellScript = "diff \"${PODS_ROOT}/../Podfile.lock\" \"${PODS_ROOT}/Manifest.lock\" > /dev/null\nif [[ $? != 0 ]] ; then\n    cat << EOM\nerror: The sandbox is not in sync with the Podfile.lock. Run 'pod install' or update your CocoaPods installation.\nEOM\n    exit 1\nfi\n";
			showEnvVarsInLog = 0;
		};
		A9755112831E4B0BA9EC91CA /* Copy Pods Resources */ = {
			isa = PBXShellScriptBuildPhase;
			buildActionMask = 2147483647;
			files = (
			);
			inputPaths = (
			);
			name = "Copy Pods Resources";
			outputPaths = (
			);
			runOnlyForDeploymentPostprocessing = 0;
			shellPath = /bin/sh;
			shellScript = "\"${SRCROOT}/Pods/Pods-resources.sh\"\n";
			showEnvVarsInLog = 0;
		};
/* End PBXShellScriptBuildPhase section */

/* Begin PBXSourcesBuildPhase section */
		1F331D6219886A8E009386B8 /* Sources */ = {
			isa = PBXSourcesBuildPhase;
			buildActionMask = 2147483647;
			files = (
				1F31CD21199E09AC0036389D /* PulsingHaloLayer.m in Sources */,
				1F331DA319886BA2009386B8 /* SAConstants.m in Sources */,
				1F331D7A19886A8E009386B8 /* SAAppDelegate.m in Sources */,
				1F9FAFDC19BE9F80002B566B /* SABackgroundNotificationManager.m in Sources */,
				1F331D8319886A8E009386B8 /* SADetailViewController.m in Sources */,
				1F331D7619886A8E009386B8 /* main.m in Sources */,
				1F5CAC691994792A007ABAE4 /* SALocalNotificationManager.m in Sources */,
				1F96D1EA198B6C20004DE613 /* SATransparentToolbar.m in Sources */,
				1F31CD1C199E07CB0036389D /* PulseView.m in Sources */,
				1F96D1F0198B830A004DE613 /* SATimerManager.m in Sources */,
				1F589CCC199C93DC006F7531 /* EAIntroPage.m in Sources */,
				1FD3E4271988902D009F051B /* SAMessageCollectionViewCell.m in Sources */,
				1F331DA719886C27009386B8 /* SABeaconManager.m in Sources */,
				1F0611A21989DAE000AEE5C5 /* SATimeLineViewController.m in Sources */,
				1F96D1E5198B6040004DE613 /* SAViewController.m in Sources */,
				1F331DAA19886D05009386B8 /* SAMapViewController.m in Sources */,
				1F0F5F6219BD845C00B52D01 /* SAMessageManager.m in Sources */,
				1F693DE919A1F17F007EE6B0 /* SATabBarDataManager.m in Sources */,
				1F589CCD199C93DC006F7531 /* EAIntroView.m in Sources */,
			);
			runOnlyForDeploymentPostprocessing = 0;
		};
		1F331D8619886A8E009386B8 /* Sources */ = {
			isa = PBXSourcesBuildPhase;
			buildActionMask = 2147483647;
			files = (
				1F331D9819886A8E009386B8 /* SmartAttendTests.m in Sources */,
			);
			runOnlyForDeploymentPostprocessing = 0;
		};
/* End PBXSourcesBuildPhase section */

/* Begin PBXTargetDependency section */
		1F331D9019886A8E009386B8 /* PBXTargetDependency */ = {
			isa = PBXTargetDependency;
			target = 1F331D6519886A8E009386B8 /* SmartAttend */;
			targetProxy = 1F331D8F19886A8E009386B8 /* PBXContainerItemProxy */;
		};
/* End PBXTargetDependency section */

/* Begin PBXVariantGroup section */
		1F331D7219886A8E009386B8 /* InfoPlist.strings */ = {
			isa = PBXVariantGroup;
			children = (
				1F331D7319886A8E009386B8 /* en */,
			);
			name = InfoPlist.strings;
			sourceTree = "<group>";
		};
		1F331D7B19886A8E009386B8 /* Main.storyboard */ = {
			isa = PBXVariantGroup;
			children = (
				1F331D7C19886A8E009386B8 /* Base */,
			);
			name = Main.storyboard;
			sourceTree = "<group>";
		};
		1F331D9419886A8E009386B8 /* InfoPlist.strings */ = {
			isa = PBXVariantGroup;
			children = (
				1F331D9519886A8E009386B8 /* en */,
			);
			name = InfoPlist.strings;
			sourceTree = "<group>";
		};
/* End PBXVariantGroup section */

/* Begin XCBuildConfiguration section */
		1F331D9919886A8E009386B8 /* Debug */ = {
			isa = XCBuildConfiguration;
			buildSettings = {
				ALWAYS_SEARCH_USER_PATHS = NO;
				CLANG_CXX_LANGUAGE_STANDARD = "gnu++0x";
				CLANG_CXX_LIBRARY = "libc++";
				CLANG_ENABLE_MODULES = YES;
				CLANG_ENABLE_OBJC_ARC = YES;
				CLANG_WARN_BOOL_CONVERSION = YES;
				CLANG_WARN_CONSTANT_CONVERSION = YES;
				CLANG_WARN_DIRECT_OBJC_ISA_USAGE = YES_ERROR;
				CLANG_WARN_EMPTY_BODY = YES;
				CLANG_WARN_ENUM_CONVERSION = YES;
				CLANG_WARN_INT_CONVERSION = YES;
				CLANG_WARN_OBJC_ROOT_CLASS = YES_ERROR;
				CLANG_WARN__DUPLICATE_METHOD_MATCH = YES;
				CODE_SIGN_IDENTITY = "iPhone Developer: Shota Takai (3Q8H4P68PN)";
				"CODE_SIGN_IDENTITY[sdk=iphoneos*]" = "iPhone Developer: Shota Takai (3Q8H4P68PN)";
				COPY_PHASE_STRIP = NO;
				GCC_C_LANGUAGE_STANDARD = gnu99;
				GCC_DYNAMIC_NO_PIC = NO;
				GCC_OPTIMIZATION_LEVEL = 0;
				GCC_PREPROCESSOR_DEFINITIONS = (
					"DEBUG=1",
					"$(inherited)",
				);
				GCC_SYMBOLS_PRIVATE_EXTERN = NO;
				GCC_WARN_64_TO_32_BIT_CONVERSION = YES;
				GCC_WARN_ABOUT_RETURN_TYPE = YES_ERROR;
				GCC_WARN_UNDECLARED_SELECTOR = YES;
				GCC_WARN_UNINITIALIZED_AUTOS = YES_AGGRESSIVE;
				GCC_WARN_UNUSED_FUNCTION = YES;
				GCC_WARN_UNUSED_VARIABLE = YES;
				IPHONEOS_DEPLOYMENT_TARGET = 7.1;
				ONLY_ACTIVE_ARCH = YES;
				PROVISIONING_PROFILE = "3d7a8a55-2d00-4c5b-b91a-c9e03841118b";
				SDKROOT = iphoneos;
			};
			name = Debug;
		};
		1F331D9A19886A8E009386B8 /* Release */ = {
			isa = XCBuildConfiguration;
			buildSettings = {
				ALWAYS_SEARCH_USER_PATHS = NO;
				CLANG_CXX_LANGUAGE_STANDARD = "gnu++0x";
				CLANG_CXX_LIBRARY = "libc++";
				CLANG_ENABLE_MODULES = YES;
				CLANG_ENABLE_OBJC_ARC = YES;
				CLANG_WARN_BOOL_CONVERSION = YES;
				CLANG_WARN_CONSTANT_CONVERSION = YES;
				CLANG_WARN_DIRECT_OBJC_ISA_USAGE = YES_ERROR;
				CLANG_WARN_EMPTY_BODY = YES;
				CLANG_WARN_ENUM_CONVERSION = YES;
				CLANG_WARN_INT_CONVERSION = YES;
				CLANG_WARN_OBJC_ROOT_CLASS = YES_ERROR;
				CLANG_WARN__DUPLICATE_METHOD_MATCH = YES;
				CODE_SIGN_IDENTITY = "iPhone Developer: Shota Takai (3Q8H4P68PN)";
				"CODE_SIGN_IDENTITY[sdk=iphoneos*]" = "iPhone Developer: Shota Takai (3Q8H4P68PN)";
				COPY_PHASE_STRIP = YES;
				ENABLE_NS_ASSERTIONS = NO;
				GCC_C_LANGUAGE_STANDARD = gnu99;
				GCC_WARN_64_TO_32_BIT_CONVERSION = YES;
				GCC_WARN_ABOUT_RETURN_TYPE = YES_ERROR;
				GCC_WARN_UNDECLARED_SELECTOR = YES;
				GCC_WARN_UNINITIALIZED_AUTOS = YES_AGGRESSIVE;
				GCC_WARN_UNUSED_FUNCTION = YES;
				GCC_WARN_UNUSED_VARIABLE = YES;
				IPHONEOS_DEPLOYMENT_TARGET = 7.1;
				PROVISIONING_PROFILE = "3d7a8a55-2d00-4c5b-b91a-c9e03841118b";
				SDKROOT = iphoneos;
				VALIDATE_PRODUCT = YES;
			};
			name = Release;
		};
		1F331D9C19886A8E009386B8 /* Debug */ = {
			isa = XCBuildConfiguration;
			baseConfigurationReference = 87B8F34FF94046B798C517D3 /* Pods.xcconfig */;
			buildSettings = {
				ASSETCATALOG_COMPILER_APPICON_NAME = AppIcon;
				ASSETCATALOG_COMPILER_LAUNCHIMAGE_NAME = LaunchImage;
				CODE_SIGN_IDENTITY = "iPhone Developer: Shota Takai (3Q8H4P68PN)";
				"CODE_SIGN_IDENTITY[sdk=iphoneos*]" = "iPhone Developer: Shota Takai (3Q8H4P68PN)";
				GCC_PRECOMPILE_PREFIX_HEADER = YES;
				GCC_PREFIX_HEADER = "SmartAttend/SmartAttend-Prefix.pch";
				HEADER_SEARCH_PATHS = "";
				INFOPLIST_FILE = "SmartAttend/SmartAttend-Info.plist";
				IPHONEOS_DEPLOYMENT_TARGET = 7.0;
				PRODUCT_NAME = "$(TARGET_NAME)";
				PROVISIONING_PROFILE = "3d7a8a55-2d00-4c5b-b91a-c9e03841118b";
				WRAPPER_EXTENSION = app;
			};
			name = Debug;
		};
		1F331D9D19886A8E009386B8 /* Release */ = {
			isa = XCBuildConfiguration;
			baseConfigurationReference = 87B8F34FF94046B798C517D3 /* Pods.xcconfig */;
			buildSettings = {
				ASSETCATALOG_COMPILER_APPICON_NAME = AppIcon;
				ASSETCATALOG_COMPILER_LAUNCHIMAGE_NAME = LaunchImage;
				CODE_SIGN_IDENTITY = "iPhone Developer: Shota Takai (3Q8H4P68PN)";
				"CODE_SIGN_IDENTITY[sdk=iphoneos*]" = "iPhone Developer: Shota Takai (3Q8H4P68PN)";
				GCC_PRECOMPILE_PREFIX_HEADER = YES;
				GCC_PREFIX_HEADER = "SmartAttend/SmartAttend-Prefix.pch";
				HEADER_SEARCH_PATHS = "";
				INFOPLIST_FILE = "SmartAttend/SmartAttend-Info.plist";
				IPHONEOS_DEPLOYMENT_TARGET = 7.0;
				PRODUCT_NAME = "$(TARGET_NAME)";
				PROVISIONING_PROFILE = "3d7a8a55-2d00-4c5b-b91a-c9e03841118b";
				WRAPPER_EXTENSION = app;
			};
			name = Release;
		};
		1F331D9F19886A8E009386B8 /* Debug */ = {
			isa = XCBuildConfiguration;
			buildSettings = {
				BUNDLE_LOADER = "$(BUILT_PRODUCTS_DIR)/SmartAttend.app/SmartAttend";
				FRAMEWORK_SEARCH_PATHS = (
					"$(SDKROOT)/Developer/Library/Frameworks",
					"$(inherited)",
					"$(DEVELOPER_FRAMEWORKS_DIR)",
				);
				GCC_PRECOMPILE_PREFIX_HEADER = YES;
				GCC_PREFIX_HEADER = "SmartAttend/SmartAttend-Prefix.pch";
				GCC_PREPROCESSOR_DEFINITIONS = (
					"DEBUG=1",
					"$(inherited)",
				);
				INFOPLIST_FILE = "SmartAttendTests/SmartAttendTests-Info.plist";
				PRODUCT_NAME = "$(TARGET_NAME)";
				TEST_HOST = "$(BUNDLE_LOADER)";
				WRAPPER_EXTENSION = xctest;
			};
			name = Debug;
		};
		1F331DA019886A8E009386B8 /* Release */ = {
			isa = XCBuildConfiguration;
			buildSettings = {
				BUNDLE_LOADER = "$(BUILT_PRODUCTS_DIR)/SmartAttend.app/SmartAttend";
				FRAMEWORK_SEARCH_PATHS = (
					"$(SDKROOT)/Developer/Library/Frameworks",
					"$(inherited)",
					"$(DEVELOPER_FRAMEWORKS_DIR)",
				);
				GCC_PRECOMPILE_PREFIX_HEADER = YES;
				GCC_PREFIX_HEADER = "SmartAttend/SmartAttend-Prefix.pch";
				INFOPLIST_FILE = "SmartAttendTests/SmartAttendTests-Info.plist";
				PRODUCT_NAME = "$(TARGET_NAME)";
				TEST_HOST = "$(BUNDLE_LOADER)";
				WRAPPER_EXTENSION = xctest;
			};
			name = Release;
		};
/* End XCBuildConfiguration section */

/* Begin XCConfigurationList section */
		1F331D6119886A8E009386B8 /* Build configuration list for PBXProject "SmartAttend" */ = {
			isa = XCConfigurationList;
			buildConfigurations = (
				1F331D9919886A8E009386B8 /* Debug */,
				1F331D9A19886A8E009386B8 /* Release */,
			);
			defaultConfigurationIsVisible = 0;
			defaultConfigurationName = Release;
		};
		1F331D9B19886A8E009386B8 /* Build configuration list for PBXNativeTarget "SmartAttend" */ = {
			isa = XCConfigurationList;
			buildConfigurations = (
				1F331D9C19886A8E009386B8 /* Debug */,
				1F331D9D19886A8E009386B8 /* Release */,
			);
			defaultConfigurationIsVisible = 0;
			defaultConfigurationName = Release;
		};
		1F331D9E19886A8E009386B8 /* Build configuration list for PBXNativeTarget "SmartAttendTests" */ = {
			isa = XCConfigurationList;
			buildConfigurations = (
				1F331D9F19886A8E009386B8 /* Debug */,
				1F331DA019886A8E009386B8 /* Release */,
			);
			defaultConfigurationIsVisible = 0;
			defaultConfigurationName = Release;
		};
/* End XCConfigurationList section */
	};
	rootObject = 1F331D5E19886A8E009386B8 /* Project object */;
}
